
Microsoft Visual Studio Solution File, Format Version 12.00
# Visual Studio Version 17
VisualStudioVersion = 17.14.36908.2 d17.14
MinimumVisualStudioVersion = 10.0.40219.1
Project("{FAE04EC0-301F-11D3-BF4B-00C04F79EFBC}") = "ATM Machine", "ATM Machine.csproj", "{B12E11B4-5F11-45E4-943E-B1948BF9544E}"
EndProject
Global
	GlobalSection(SolutionConfigurationPlatforms) = preSolution
		Debug|Any CPU = Debug|Any CPU
		Release|Any CPU = Release|Any CPU
	EndGlobalSection
	GlobalSection(ProjectConfigurationPlatforms) = postSolution
		{B12E11B4-5F11-45E4-943E-B1948BF9544E}.Debug|Any CPU.ActiveCfg = Debug|Any CPU
		{B12E11B4-5F11-45E4-943E-B1948BF9544E}.Debug|Any CPU.Build.0 = Debug|Any CPU
		{B12E11B4-5F11-45E4-943E-B1948BF9544E}.Release|Any CPU.ActiveCfg = Release|Any CPU
		{B12E11B4-5F11-45E4-943E-B1948BF9544E}.Release|Any CPU.Build.0 = Release|Any CPU
	EndGlobalSection
	GlobalSection(SolutionProperties) = preSolution
		HideSolutionNode = FALSE
	EndGlobalSection
	GlobalSection(ExtensibilityGlobals) = postSolution
		SolutionGuid = {CD845361-D397-4E12-83CD-1F009D865848}
	EndGlobalSection
EndGlobal
